{
  "name": "miniprogram",
  "version": "1.0.0",
  "lockfileVersion": 1,
  "requires": true,
  "dependencies": {
    "weui-miniprogram": {
      "version": "1.0.3",
      "resolved": "https://registry.npm.taobao.org/weui-miniprogram/download/weui-miniprogram-1.0.3.tgz",
      "integrity": "sha1-PaW95Vp0pA0J/NqbSd/nZdp5HYM="
    }
  }
}
